<Solution>
  <Folder Name="/examples/">
    <Project Path="examples/WebApiWithSerilog.Tests/WebApiWithSerilog.Tests.csproj" />
    <Project Path="examples/WebApiWithSerilog/WebApiWithSerilog.csproj" Id="931c2a36-1259-4601-95cb-f4c2825f3bdd" />
  </Folder>
  <Folder Name="/src/">
    <Project Path="src/p1eXu5.AspNetCore.Testing.Logging/p1eXu5.AspNetCore.Testing.Logging.csproj" />
    <Project Path="src/p1eXu5.AspNetCore.Testing.MockRepository/p1eXu5.AspNetCore.Testing.MockRepository.csproj" />
    <Project Path="src/p1eXu5.AspNetCore.Testing.Serilog/p1eXu5.AspNetCore.Testing.Serilog.csproj" />
    <Project Path="src/p1eXu5.AspNetCore.Testing/p1eXu5.AspNetCore.Testing.csproj" />
  </Folder>
  <Folder Name="/_root/">
    <File Path="pack.cmd" />
    <File Path="pack.fsx" />
    <File Path="README.md" />
  </Folder>
  <Folder Name="/_root/.github/" />
  <Folder Name="/_root/.github/workflows/">
    <File Path=".github/workflows/publisher.yml" />
  </Folder>
</Solution>
